
Microsoft Visual Studio Solution File, Format Version 12.00
# Visual Studio Version 16
VisualStudioVersion = 16.0.30413.136
MinimumVisualStudioVersion = 10.0.40219.1
Project("{8BC9CEB8-8B4A-11D0-8D11-00A0C91BC942}") = "Project6", "Project6.vcxproj", "{BA6A9361-869B-4361-9FFB-A5EDFB4FBC0E}"
EndProject
Global
	GlobalSection(SolutionConfigurationPlatforms) = preSolution
		Debug|x64 = Debug|x64
		Debug|x86 = Debug|x86
		Release|x64 = Release|x64
		Release|x86 = Release|x86
	EndGlobalSection
	GlobalSection(ProjectConfigurationPlatforms) = postSolution
		{BA6A9361-869B-4361-9FFB-A5EDFB4FBC0E}.Debug|x64.ActiveCfg = Debug|x64
		{BA6A9361-869B-4361-9FFB-A5EDFB4FBC0E}.Debug|x64.Build.0 = Debug|x64
		{BA6A9361-869B-4361-9FFB-A5EDFB4FBC0E}.Debug|x86.ActiveCfg = Debug|Win32
		{BA6A9361-869B-4361-9FFB-A5EDFB4FBC0E}.Debug|x86.Build.0 = Debug|Win32
		{BA6A9361-869B-4361-9FFB-A5EDFB4FBC0E}.Release|x64.ActiveCfg = Release|x64
		{BA6A9361-869B-4361-9FFB-A5EDFB4FBC0E}.Release|x64.Build.0 = Release|x64
		{BA6A9361-869B-4361-9FFB-A5EDFB4FBC0E}.Release|x86.ActiveCfg = Release|Win32
		{BA6A9361-869B-4361-9FFB-A5EDFB4FBC0E}.Release|x86.Build.0 = Release|Win32
	EndGlobalSection
	GlobalSection(SolutionProperties) = preSolution
		HideSolutionNode = FALSE
	EndGlobalSection
	GlobalSection(ExtensibilityGlobals) = postSolution
		SolutionGuid = {ECF2B03D-D098-42FE-9396-564950D147E2}
	EndGlobalSection
EndGlobal
